{
    "_readme": [
        "This file locks the dependencies of your project to a known state",
        "Read more about it at https://getcomposer.org/doc/01-basic-usage.md#composer-lock-the-lock-file",
        "This file is @generated automatically"
    ],
    "content-hash": "d8b9c5ee940b6d390837f6a7a1cad9b0",
    "packages": [
        {
            "name": "jeanku/database",
            "version": "dev-master",
            "source": {
                "type": "git",
                "url": "https://github.com/jeanku/database.git",
                "reference": "48888cbacbcfe1061e8b8e3ff3bd00d8fd54d51d"
            },
            "dist": {
                "type": "zip",
                "url": "https://api.github.com/repos/jeanku/database/zipball/48888cbacbcfe1061e8b8e3ff3bd00d8fd54d51d",
                "reference": "48888cbacbcfe1061e8b8e3ff3bd00d8fd54d51d",
                "shasum": ""
            },
            "require": {
                "php": ">=5.4.0"
            },
            "type": "library",
            "autoload": {
                "psr-4": {
                    "Jeanku\\Database\\": ""
                }
            },
            "notification-url": "https://packagist.org/downloads/",
            "license": [
                "MIT"
            ],
            "authors": [
                {
                    "name": "JeanKu",
                    "email": "490573621@qq.com"
                }
            ],
            "description": "light Illuminate Database package.",
            "homepage": "https://laravel.com",
            "keywords": [
                "database",
                "laravel",
                "orm",
                "sql"
            ],
            "time": "2018-02-01 11:18:53"
        },
        {
            "name": "jeanku/rabbitmq",
            "version": "dev-master",
            "source": {
                "type": "git",
                "url": "https://github.com/jeanku/rabbitmq.git",
                "reference": "b5a23d4c8b2858f0786978d936024ffde48bbb99"
            },
            "dist": {
                "type": "zip",
                "url": "https://api.github.com/repos/jeanku/rabbitmq/zipball/b5a23d4c8b2858f0786978d936024ffde48bbb99",
                "reference": "b5a23d4c8b2858f0786978d936024ffde48bbb99",
                "shasum": ""
            },
            "require": {
                "php": ">=5.4.0"
            },
            "type": "library",
            "autoload": {
                "psr-4": {
                    "Jeanku\\Rabbitmq\\": "src/"
                }
            },
            "notification-url": "https://packagist.org/downloads/",
            "license": [
                "MIT"
            ],
            "authors": [
                {
                    "name": "JeanKu",
                    "email": "490573621@qq.com"
                }
            ],
            "description": "rabbitmq",
            "homepage": "https://laravel.com",
            "keywords": [
                "rabbitmq"
            ],
            "time": "2018-04-12 12:13:04"
        },
        {
            "name": "noahbuscher/macaw",
            "version": "dev-master",
            "source": {
                "type": "git",
                "url": "https://github.com/noahbuscher/macaw.git",
                "reference": "cf4dd15893f97539f3f91bb296e04324fbbb379e"
            },
            "dist": {
                "type": "zip",
                "url": "https://api.github.com/repos/noahbuscher/macaw/zipball/cf4dd15893f97539f3f91bb296e04324fbbb379e",
                "reference": "cf4dd15893f97539f3f91bb296e04324fbbb379e",
                "shasum": ""
            },
            "require": {
                "php": ">=5.3.3"
            },
            "require-dev": {
                "guzzle/guzzle": "~3.9",
                "phpunit/phpunit": "^4.8-stable"
            },
            "type": "library",
            "autoload": {
                "psr-4": {
                    "NoahBuscher\\Macaw\\": "./"
                }
            },
            "notification-url": "https://packagist.org/downloads/",
            "license": [
                "MIT"
            ],
            "authors": [
                {
                    "name": "Noah Buscher",
                    "email": "me@noahbuscher.com",
                    "homepage": "http://noahbuscher.com/"
                }
            ],
            "description": "Simple PHP router class.",
            "homepage": "https://github.com/noahbuscher/Macaw",
            "keywords": [
                "php",
                "php-router",
                "router"
            ],
            "time": "2018-01-09 05:51:33"
        }
    ],
    "packages-dev": [],
    "aliases": [],
    "minimum-stability": "stable",
    "stability-flags": {
        "jeanku/database": 20,
        "jeanku/rabbitmq": 20,
        "noahbuscher/macaw": 20
    },
    "prefer-stable": false,
    "prefer-lowest": false,
    "platform": [],
    "platform-dev": []
}
